<?xml version="1.0" encoding="UTF-8"?>
<Scheme
   LastUpgradeVersion = "2630"
   version = "1.7">
   <BuildAction
      parallelizeBuildables = "YES"
      buildImplicitDependencies = "YES"
      buildArchitectures = "Automatic">
      <BuildActionEntries>
         <BuildActionEntry
            buildForTesting = "YES"
            buildForRunning = "YES"
            buildForProfiling = "YES"
            buildForArchiving = "YES"
            buildForAnalyzing = "YES">
            <BuildableReference
               BuildableIdentifier = "primary"
               BlueprintIdentifier = "D35FBC522F324104009057B0"
               BuildableName = "ScoutCapture.app"
               BlueprintName = "ScoutCapture"
               ReferencedContainer = "container:ScoutCapture.xcodeproj">
            </BuildableReference>
         </BuildActionEntry>
      </BuildActionEntries>
   </BuildAction>
   <TestAction
      buildConfiguration = "Debug"
      selectedDebuggerIdentifier = "Xcode.DebuggerFoundation.Debugger.LLDB"
      selectedLauncherIdentifier = "Xcode.DebuggerFoundation.Launcher.LLDB"
      shouldUseLaunchSchemeArgsEnv = "YES">
      <MacroExpansion>
         <BuildableReference
            BuildableIdentifier = "primary"
            BlueprintIdentifier = "D35FBC522F324104009057B0"
            BuildableName = "ScoutCapture.app"
            BlueprintName = "ScoutCapture"
            ReferencedContainer = "container:ScoutCapture.xcodeproj">
         </BuildableReference>
      </MacroExpansion>
      <TestPlans>
         <TestPlanReference
            reference = "container:ScoutCapture.xctestplan"
            default = "YES">
         </TestPlanReference>
      </TestPlans>
      <Testables>
         <TestableReference
            skipped = "NO"
            parallelizable = "YES"
            testExecutionOrdering = "random">
            <BuildableReference
               BuildableIdentifier = "primary"
               BlueprintIdentifier = "E54A7A7524D14C26A9A7B104"
               BuildableName = "ScoutCaptureTests.xctest"
               BlueprintName = "ScoutCaptureTests"
               ReferencedContainer = "container:ScoutCapture.xcodeproj">
            </BuildableReference>
         </TestableReference>
      </Testables>
   </TestAction>
   <LaunchAction
      buildConfiguration = "Debug"
      selectedDebuggerIdentifier = ""
      selectedLauncherIdentifier = "Xcode.IDEFoundation.Launcher.PosixSpawn"
      launchStyle = "0"
      useCustomWorkingDirectory = "NO"
      ignoresPersistentStateOnLaunch = "NO"
      debugDocumentVersioning = "YES"
      debugServiceExtension = "internal"
      allowLocationSimulation = "YES">
      <BuildableProductRunnable
         runnableDebuggingMode = "0">
         <BuildableReference
            BuildableIdentifier = "primary"
            BlueprintIdentifier = "D35FBC522F324104009057B0"
            BuildableName = "ScoutCapture.app"
            BlueprintName = "ScoutCapture"
            ReferencedContainer = "container:ScoutCapture.xcodeproj">
         </BuildableReference>
      </BuildableProductRunnable>
      <EnvironmentVariables>
         <EnvironmentVariable
            key = "SCOUTCAPTURE_SUPABASE_URL"
            value = "https://chlvazmtucoszicehtnm.supabase.co"
            isEnabled = "YES">
         </EnvironmentVariable>
         <EnvironmentVariable
            key = "SCOUTCAPTURE_SUPABASE_ANON_KEY"
            value = "sb_publishable_WixxIYHzr8VB-rmZ8q8DiQ_adVqsd2x"
            isEnabled = "YES">
         </EnvironmentVariable>
         <EnvironmentVariable
            key = "session_snapshot_shadow_write_enabled"
            value = "true"
            isEnabled = "NO">
         </EnvironmentVariable>
         <EnvironmentVariable
            key = "SCOUTCAPTURE_SESSION_SNAPSHOT_SHADOW_WRITE_ENABLED"
            value = "true"
            isEnabled = "NO">
         </EnvironmentVariable>
         <EnvironmentVariable
            key = "SCOUTCAPTURE_PRODUCTION_SNAPSHOT_VALIDATION_ALLOWED"
            value = "true"
            isEnabled = "NO">
         </EnvironmentVariable>
      </EnvironmentVariables>
   </LaunchAction>
   <ProfileAction
      buildConfiguration = "Release"
      shouldUseLaunchSchemeArgsEnv = "YES"
      savedToolIdentifier = ""
      useCustomWorkingDirectory = "NO"
      debugDocumentVersioning = "YES">
      <BuildableProductRunnable
         runnableDebuggingMode = "0">
         <BuildableReference
            BuildableIdentifier = "primary"
            BlueprintIdentifier = "D35FBC522F324104009057B0"
            BuildableName = "ScoutCapture.app"
            BlueprintName = "ScoutCapture"
            ReferencedContainer = "container:ScoutCapture.xcodeproj">
         </BuildableReference>
      </BuildableProductRunnable>
   </ProfileAction>
   <AnalyzeAction
      buildConfiguration = "Debug">
   </AnalyzeAction>
   <ArchiveAction
      buildConfiguration = "Release"
      revealArchiveInOrganizer = "YES">
   </ArchiveAction>
</Scheme>
